
Microsoft Visual Studio Solution File, Format Version 12.00
# Visual Studio Version 16
VisualStudioVersion = 16.0.30128.74
MinimumVisualStudioVersion = 10.0.40219.1
Project("{FAE04EC0-301F-11D3-BF4B-00C04F79EFBC}") = "SuperString", "SuperString\SuperString.csproj", "{17F0E9C5-6F76-4F0E-8280-AE715F06275C}"
EndProject
Global
	GlobalSection(SolutionConfigurationPlatforms) = preSolution
		Debug|Any CPU = Debug|Any CPU
		Release|Any CPU = Release|Any CPU
	EndGlobalSection
	GlobalSection(ProjectConfigurationPlatforms) = postSolution
		{17F0E9C5-6F76-4F0E-8280-AE715F06275C}.Debug|Any CPU.ActiveCfg = Debug|Any CPU
		{17F0E9C5-6F76-4F0E-8280-AE715F06275C}.Debug|Any CPU.Build.0 = Debug|Any CPU
		{17F0E9C5-6F76-4F0E-8280-AE715F06275C}.Release|Any CPU.ActiveCfg = Release|Any CPU
		{17F0E9C5-6F76-4F0E-8280-AE715F06275C}.Release|Any CPU.Build.0 = Release|Any CPU
	EndGlobalSection
	GlobalSection(SolutionProperties) = preSolution
		HideSolutionNode = FALSE
	EndGlobalSection
	GlobalSection(ExtensibilityGlobals) = postSolution
		SolutionGuid = {B37DD01F-F258-4E1C-92AB-64E54190A694}
	EndGlobalSection
EndGlobal
